<?xml version="1.0" encoding="utf-8"?>
<Project ToolsVersion="4.0" xmlns="http://schemas.microsoft.com/developer/msbuild/2003">
  <ItemGroup>
    <Filter Include="Source Files">
      <UniqueIdentifier>{4FC737F1-C7A5-4376-A066-2A32D752A2FF}</UniqueIdentifier>
      <Extensions>cpp;c;cc;cxx;c++;cppm;ixx;def;odl;idl;hpj;bat;asm;asmx</Extensions>
    </Filter>
    <Filter Include="Header Files">
      <UniqueIdentifier>{93995380-89BD-4b04-88EB-625FBE52EBFB}</UniqueIdentifier>
      <Extensions>h;hh;hpp;hxx;h++;hm;inl;inc;ipp;xsd</Extensions>
    </Filter>
    <Filter Include="Resource Files">
      <UniqueIdentifier>{67DA6AB6-F800-4c08-8B7A-83BB121AAD01}</UniqueIdentifier>
      <Extensions>rc;ico;cur;bmp;dlg;rc2;rct;bin;rgs;gif;jpg;jpeg;jpe;resx;tiff;tif;png;wav;mfcribbon-ms</Extensions>
    </Filter>
  </ItemGroup>
  <ItemGroup>
    <ClCompile Include="src\main.cpp">
      <Filter>Source Files</Filter>
    </ClCompile>
    <ClCompile Include="extern\glad\glad.c">
      <Filter>Source Files</Filter>
    </ClCompile>
  </ItemGroup>
  <ItemGroup>
    <ClInclude Include="src\Shader.h">
      <Filter>Header Files</Filter>
    </ClInclude>
    <ClInclude Include="src\Camera.h">
      <Filter>Header Files</Filter>
    </ClInclude>
    <ClInclude Include="src\Texture.h">
      <Filter>Header Files</Filter>
    </ClInclude>
    <ClInclude Include="src\Flyweight.h">
      <Filter>Header Files</Filter>
    </ClInclude>
    <ClInclude Include="src\Scene.h">
      <Filter>Header Files</Filter>
    </ClInclude>
    <ClInclude Include="src\DayNightCycle.h">
      <Filter>Header Files</Filter>
    </ClInclude>
    <ClInclude Include="src\BezierCurve.h">
      <Filter>Header Files</Filter>
    </ClInclude>
    <ClInclude Include="src\LSystemTree.h">
      <Filter>Header Files</Filter>
    </ClInclude>
    <ClInclude Include="src\ParticleSystem.h">
      <Filter>Header Files</Filter>
    </ClInclude>
    <ClInclude Include="src\primitives\Cube.h">
      <Filter>Header Files</Filter>
    </ClInclude>
    <ClInclude Include="src\primitives\Cylinder.h">
      <Filter>Header Files</Filter>
    </ClInclude>
    <ClInclude Include="src\primitives\Sphere.h">
      <Filter>Header Files</Filter>
    </ClInclude>
    <ClInclude Include="src\primitives\Plane.h">
      <Filter>Header Files</Filter>
    </ClInclude>
    <ClInclude Include="src\lights\PointLight.h">
      <Filter>Header Files</Filter>
    </ClInclude>
    <ClInclude Include="src\lights\DirectionalLight.h">
      <Filter>Header Files</Filter>
    </ClInclude>
    <ClInclude Include="src\lights\SpotLight.h">
      <Filter>Header Files</Filter>
    </ClInclude>
    <ClInclude Include="src\ShadowMap.h">
      <Filter>Header Files</Filter>
    </ClInclude>
    <ClInclude Include="src\LightCuller.h">
      <Filter>Header Files</Filter>
    </ClInclude>
    <ClInclude Include="src\HorizonSystem.h">
      <Filter>Header Files</Filter>
    </ClInclude>
    <ClInclude Include="src\HUD.h">
      <Filter>Header Files</Filter>
    </ClInclude>
    <ClInclude Include="src\primitives\BezierTube.h">
      <Filter>Header Files</Filter>
    </ClInclude>
    <ClInclude Include="src\primitives\RuledSurface.h">
      <Filter>Header Files</Filter>
    </ClInclude>
    <ClInclude Include="src\zones\GroundZone.h">
      <Filter>Header Files</Filter>
    </ClInclude>
    <ClInclude Include="src\zones\BarrackGrid.h">
      <Filter>Header Files</Filter>
    </ClInclude>
    <ClInclude Include="src\zones\BarrackInteriors.h">
      <Filter>Header Files</Filter>
    </ClInclude>
    <ClInclude Include="src\zones\EntranceGate.h">
      <Filter>Header Files</Filter>
    </ClInclude>
    <ClInclude Include="src\zones\FenceSystem.h">
      <Filter>Header Files</Filter>
    </ClInclude>
    <ClInclude Include="src\zones\GuardTowers.h">
      <Filter>Header Files</Filter>
    </ClInclude>
    <ClInclude Include="src\zones\StreetLamps.h">
      <Filter>Header Files</Filter>
    </ClInclude>
    <ClInclude Include="src\zones\Block11Zone.h">
      <Filter>Header Files</Filter>
    </ClInclude>
    <ClInclude Include="src\zones\CrematoryZone.h">
      <Filter>Header Files</Filter>
    </ClInclude>
    <ClInclude Include="src\zones\AdminZone.h">
      <Filter>Header Files</Filter>
    </ClInclude>
  </ItemGroup>
  <ItemGroup>
    <Image Include="textures\bark.png">
      <Filter>Resource Files</Filter>
    </Image>
    <Image Include="textures\brick_dark.png">
      <Filter>Resource Files</Filter>
    </Image>
    <Image Include="textures\brick_red.png">
      <Filter>Resource Files</Filter>
    </Image>
    <Image Include="textures\concrete.png">
      <Filter>Resource Files</Filter>
    </Image>
    <Image Include="textures\dirt_road.png">
      <Filter>Resource Files</Filter>
    </Image>
    <Image Include="textures\gravel.png">
      <Filter>Resource Files</Filter>
    </Image>
    <Image Include="textures\horizon_trees.png">
      <Filter>Resource Files</Filter>
    </Image>
    <Image Include="textures\leaf_alpha.png">
      <Filter>Resource Files</Filter>
    </Image>
    <Image Include="textures\metal_iron.png">
      <Filter>Resource Files</Filter>
    </Image>
    <Image Include="textures\moon.png">
      <Filter>Resource Files</Filter>
    </Image>
    <Image Include="textures\roof_tile.png">
      <Filter>Resource Files</Filter>
    </Image>
    <Image Include="textures\wire_alpha.png">
      <Filter>Resource Files</Filter>
    </Image>
    <Image Include="textures\wood_plank.png">
      <Filter>Resource Files</Filter>
    </Image>
  </ItemGroup>
</Project>